
Microsoft Visual Studio Solution File, Format Version 12.00
# Visual Studio Version 16
VisualStudioVersion = 16.0.29806.167
MinimumVisualStudioVersion = 10.0.40219.1
Project("{FAE04EC0-301F-11D3-BF4B-00C04F79EFBC}") = "RunningClubServices", "RunningClubServices\RunningClubServices.csproj", "{0AE5382C-C5B3-4E92-8CBB-A303153887B6}"
EndProject
Project("{FAE04EC0-301F-11D3-BF4B-00C04F79EFBC}") = "RunningClubServicesTest", "RunningClubServicesTest\RunningClubServicesTest.csproj", "{5195AC67-4996-468E-B057-A67FDA992387}"
EndProject
Global
	GlobalSection(SolutionConfigurationPlatforms) = preSolution
		Debug|Any CPU = Debug|Any CPU
		Release|Any CPU = Release|Any CPU
	EndGlobalSection
	GlobalSection(ProjectConfigurationPlatforms) = postSolution
		{0AE5382C-C5B3-4E92-8CBB-A303153887B6}.Debug|Any CPU.ActiveCfg = Debug|Any CPU
		{0AE5382C-C5B3-4E92-8CBB-A303153887B6}.Debug|Any CPU.Build.0 = Debug|Any CPU
		{0AE5382C-C5B3-4E92-8CBB-A303153887B6}.Release|Any CPU.ActiveCfg = Release|Any CPU
		{0AE5382C-C5B3-4E92-8CBB-A303153887B6}.Release|Any CPU.Build.0 = Release|Any CPU
		{5195AC67-4996-468E-B057-A67FDA992387}.Debug|Any CPU.ActiveCfg = Debug|Any CPU
		{5195AC67-4996-468E-B057-A67FDA992387}.Debug|Any CPU.Build.0 = Debug|Any CPU
		{5195AC67-4996-468E-B057-A67FDA992387}.Release|Any CPU.ActiveCfg = Release|Any CPU
		{5195AC67-4996-468E-B057-A67FDA992387}.Release|Any CPU.Build.0 = Release|Any CPU
	EndGlobalSection
	GlobalSection(SolutionProperties) = preSolution
		HideSolutionNode = FALSE
	EndGlobalSection
	GlobalSection(ExtensibilityGlobals) = postSolution
		SolutionGuid = {5F1C4AAD-9C39-44B8-A228-B33C8947A86B}
	EndGlobalSection
EndGlobal
